// !$*UTF8*$!
{
	archiveVersion = 1;
	classes = {
	};
	objectVersion = 56;
	objects = {

/* Begin PBXBuildFile section */
		51005BDC2B74760900C4CC54 /* SettingViewController.swift in Sources */ = {isa = PBXBuildFile; fileRef = 51005BDB2B74760900C4CC54 /* SettingViewController.swift */; };
		51005BDE2B7482A300C4CC54 /* SettingViewModel.swift in Sources */ = {isa = PBXBuildFile; fileRef = 51005BDD2B7482A300C4CC54 /* SettingViewModel.swift */; };
		5103BB1E2B6FE9AF002EE892 /* SearchViewModel.swift in Sources */ = {isa = PBXBuildFile; fileRef = 5103BB1D2B6FE9AF002EE892 /* SearchViewModel.swift */; };
		51040E1A2B6653D0009BD5AA /* SplashViewController.swift in Sources */ = {isa = PBXBuildFile; fileRef = 51040E192B6653D0009BD5AA /* SplashViewController.swift */; };
		51040E1D2B66B9F2009BD5AA /* MyPokemonEmptyView.swift in Sources */ = {isa = PBXBuildFile; fileRef = 51040E1C2B66B9F2009BD5AA /* MyPokemonEmptyView.swift */; };
		51040E1F2B66C356009BD5AA /* PokemonTypeOverlay.swift in Sources */ = {isa = PBXBuildFile; fileRef = 51040E1E2B66C356009BD5AA /* PokemonTypeOverlay.swift */; };
		51104D092B723CB300CBEEA9 /* Main.storyboard in Resources */ = {isa = PBXBuildFile; fileRef = 51104D082B723CB300CBEEA9 /* Main.storyboard */; };
		51104D0B2B723E7000CBEEA9 /* PresentionSytleController.swift in Sources */ = {isa = PBXBuildFile; fileRef = 51104D0A2B723E7000CBEEA9 /* PresentionSytleController.swift */; };
		511EF5262B57830000554F78 /* AppDelegate.swift in Sources */ = {isa = PBXBuildFile; fileRef = 511EF5252B57830000554F78 /* AppDelegate.swift */; };
		511EF5282B57830000554F78 /* SceneDelegate.swift in Sources */ = {isa = PBXBuildFile; fileRef = 511EF5272B57830000554F78 /* SceneDelegate.swift */; };
		511EF52F2B57830100554F78 /* Assets.xcassets in Resources */ = {isa = PBXBuildFile; fileRef = 511EF52E2B57830100554F78 /* Assets.xcassets */; };
		511EF5322B57830100554F78 /* LaunchScreen.storyboard in Resources */ = {isa = PBXBuildFile; fileRef = 511EF5302B57830100554F78 /* LaunchScreen.storyboard */; };
		512345EE2B5F6A1A00E84B66 /* EditProfileViewController.swift in Sources */ = {isa = PBXBuildFile; fileRef = 512345ED2B5F6A1A00E84B66 /* EditProfileViewController.swift */; };
		512345F02B5F8E9000E84B66 /* WebViewController.swift in Sources */ = {isa = PBXBuildFile; fileRef = 512345EF2B5F8E9000E84B66 /* WebViewController.swift */; };
		512345F32B5FAD6A00E84B66 /* Kingfisher in Frameworks */ = {isa = PBXBuildFile; productRef = 512345F22B5FAD6A00E84B66 /* Kingfisher */; };
		512345F72B5FC99900E84B66 /* PokemonCell.swift in Sources */ = {isa = PBXBuildFile; fileRef = 512345F62B5FC99900E84B66 /* PokemonCell.swift */; };
		512AC9612B6E3E4E00F30FEE /* ProfileViewModel.swift in Sources */ = {isa = PBXBuildFile; fileRef = 512AC9602B6E3E4E00F30FEE /* ProfileViewModel.swift */; };
		512AC9632B6E420F00F30FEE /* EditProfileViewModel.swift in Sources */ = {isa = PBXBuildFile; fileRef = 512AC9622B6E420F00F30FEE /* EditProfileViewModel.swift */; };
		51339CDF2B602D5E00DA49EC /* Pokemon.swift in Sources */ = {isa = PBXBuildFile; fileRef = 51339CDE2B602D5E00DA49EC /* Pokemon.swift */; };
		51339CE22B602F2800DA49EC /* Alamofire in Frameworks */ = {isa = PBXBuildFile; productRef = 51339CE12B602F2800DA49EC /* Alamofire */; };
		51339CE42B60C7DE00DA49EC /* SmallPokemonCell.swift in Sources */ = {isa = PBXBuildFile; fileRef = 51339CE32B60C7DE00DA49EC /* SmallPokemonCell.swift */; };
		51339CE62B60CEB000DA49EC /* SearchViewController.swift in Sources */ = {isa = PBXBuildFile; fileRef = 51339CE52B60CEB000DA49EC /* SearchViewController.swift */; };
		51339CE82B6104B200DA49EC /* PokeballProgressView.swift in Sources */ = {isa = PBXBuildFile; fileRef = 51339CE72B6104B200DA49EC /* PokeballProgressView.swift */; };
		51339CF12B625F4F00DA49EC /* AboutCell.swift in Sources */ = {isa = PBXBuildFile; fileRef = 51339CF02B625F4F00DA49EC /* AboutCell.swift */; };
		51339CF52B626D2800DA49EC /* DetailViewController.swift in Sources */ = {isa = PBXBuildFile; fileRef = 51339CF42B626D2800DA49EC /* DetailViewController.swift */; };
		513D90062B6EC92C00ED9B63 /* PokedexViewModel.swift in Sources */ = {isa = PBXBuildFile; fileRef = 513D90052B6EC92C00ED9B63 /* PokedexViewModel.swift */; };
		513D90082B6ECC3A00ED9B63 /* MyPokemonManager.swift in Sources */ = {isa = PBXBuildFile; fileRef = 513D90072B6ECC3A00ED9B63 /* MyPokemonManager.swift */; };
		513D900A2B6EDEB000ED9B63 /* DetailViewModel.swift in Sources */ = {isa = PBXBuildFile; fileRef = 513D90092B6EDEB000ED9B63 /* DetailViewModel.swift */; };
		515D22002B6A0E0900561C3C /* auth-video-bg.mp4 in Resources */ = {isa = PBXBuildFile; fileRef = 515D21FF2B6A0E0900561C3C /* auth-video-bg.mp4 */; };
		515D22292B6A4B8200561C3C /* Localizable.strings in Resources */ = {isa = PBXBuildFile; fileRef = 515D222B2B6A4B8200561C3C /* Localizable.strings */; };
		515D222F2B6B52B700561C3C /* PokemonCardCell.swift in Sources */ = {isa = PBXBuildFile; fileRef = 515D222E2B6B52B700561C3C /* PokemonCardCell.swift */; };
		51617A782B7490D3007801D5 /* NotoSansThai-ExtraLight.ttf in Resources */ = {isa = PBXBuildFile; fileRef = 51617A6F2B7490D2007801D5 /* NotoSansThai-ExtraLight.ttf */; };
		51617A792B7490D3007801D5 /* NotoSansThai-Light.ttf in Resources */ = {isa = PBXBuildFile; fileRef = 51617A702B7490D2007801D5 /* NotoSansThai-Light.ttf */; };
		51617A7A2B7490D3007801D5 /* NotoSansThai-Black.ttf in Resources */ = {isa = PBXBuildFile; fileRef = 51617A712B7490D2007801D5 /* NotoSansThai-Black.ttf */; };
		51617A7B2B7490D3007801D5 /* NotoSansThai-Thin.ttf in Resources */ = {isa = PBXBuildFile; fileRef = 51617A722B7490D2007801D5 /* NotoSansThai-Thin.ttf */; };
		51617A7C2B7490D3007801D5 /* NotoSansThai-Bold.ttf in Resources */ = {isa = PBXBuildFile; fileRef = 51617A732B7490D2007801D5 /* NotoSansThai-Bold.ttf */; };
		51617A7D2B7490D3007801D5 /* NotoSansThai-Regular.ttf in Resources */ = {isa = PBXBuildFile; fileRef = 51617A742B7490D2007801D5 /* NotoSansThai-Regular.ttf */; };
		51617A7E2B7490D3007801D5 /* NotoSansThai-SemiBold.ttf in Resources */ = {isa = PBXBuildFile; fileRef = 51617A752B7490D2007801D5 /* NotoSansThai-SemiBold.ttf */; };
		51617A7F2B7490D3007801D5 /* NotoSansThai-ExtraBold.ttf in Resources */ = {isa = PBXBuildFile; fileRef = 51617A762B7490D3007801D5 /* NotoSansThai-ExtraBold.ttf */; };
		51617A802B7490D3007801D5 /* NotoSansThai-Medium.ttf in Resources */ = {isa = PBXBuildFile; fileRef = 51617A772B7490D3007801D5 /* NotoSansThai-Medium.ttf */; };
		51617A822B74935B007801D5 /* FontExtension.swift in Sources */ = {isa = PBXBuildFile; fileRef = 51617A812B74935B007801D5 /* FontExtension.swift */; };
		51617A862B74972A007801D5 /* UIViewControllerExtension.swift in Sources */ = {isa = PBXBuildFile; fileRef = 51617A852B74972A007801D5 /* UIViewControllerExtension.swift */; };
		51617A882B749783007801D5 /* UIViewExtension.swift in Sources */ = {isa = PBXBuildFile; fileRef = 51617A872B749783007801D5 /* UIViewExtension.swift */; };
		51617A972B74C7B3007801D5 /* PokedexStoryboardController.swift in Sources */ = {isa = PBXBuildFile; fileRef = 51617A962B74C7B3007801D5 /* PokedexStoryboardController.swift */; };
		51617A992B74C9F4007801D5 /* PokemonStoryboardCell.swift in Sources */ = {isa = PBXBuildFile; fileRef = 51617A982B74C9F4007801D5 /* PokemonStoryboardCell.swift */; };
		51617A9B2B74D07D007801D5 /* MyPokemonStoryboardController.swift in Sources */ = {isa = PBXBuildFile; fileRef = 51617A9A2B74D07D007801D5 /* MyPokemonStoryboardController.swift */; };
		51617A9D2B74D6A0007801D5 /* TabBarStoryboardController.swift in Sources */ = {isa = PBXBuildFile; fileRef = 51617A9C2B74D6A0007801D5 /* TabBarStoryboardController.swift */; };
		51617A9F2B7532BE007801D5 /* LoginStoryboardController.swift in Sources */ = {isa = PBXBuildFile; fileRef = 51617A9E2B7532BE007801D5 /* LoginStoryboardController.swift */; };
		51617AA22B753836007801D5 /* RegisterStoryboardController.swift in Sources */ = {isa = PBXBuildFile; fileRef = 51617AA12B753836007801D5 /* RegisterStoryboardController.swift */; };
		51617AA42B753DD5007801D5 /* ForgotStoryboardController.swift in Sources */ = {isa = PBXBuildFile; fileRef = 51617AA32B753DD5007801D5 /* ForgotStoryboardController.swift */; };
		516C9A2E2B6788B700DCE4F9 /* TextButton.swift in Sources */ = {isa = PBXBuildFile; fileRef = 516C9A2D2B6788B700DCE4F9 /* TextButton.swift */; };
		516C9A302B678ADB00DCE4F9 /* LoginTextField.swift in Sources */ = {isa = PBXBuildFile; fileRef = 516C9A2F2B678ADB00DCE4F9 /* LoginTextField.swift */; };
		516C9A362B679D0000DCE4F9 /* GoogleService-Info.plist in Resources */ = {isa = PBXBuildFile; fileRef = 516C9A352B679D0000DCE4F9 /* GoogleService-Info.plist */; };
		516C9A392B679E4F00DCE4F9 /* GoogleSignIn in Frameworks */ = {isa = PBXBuildFile; productRef = 516C9A382B679E4F00DCE4F9 /* GoogleSignIn */; };
		516C9A3B2B679E4F00DCE4F9 /* GoogleSignInSwift in Frameworks */ = {isa = PBXBuildFile; productRef = 516C9A3A2B679E4F00DCE4F9 /* GoogleSignInSwift */; };
		518043AA2B6348D200552B6A /* EvolutionCell.swift in Sources */ = {isa = PBXBuildFile; fileRef = 518043A92B6348D200552B6A /* EvolutionCell.swift */; };
		518043B12B63985600552B6A /* StatBar.swift in Sources */ = {isa = PBXBuildFile; fileRef = 518043B02B63985600552B6A /* StatBar.swift */; };
		518043B32B6398BB00552B6A /* PokemonTypeComponent.swift in Sources */ = {isa = PBXBuildFile; fileRef = 518043B22B6398BB00552B6A /* PokemonTypeComponent.swift */; };
		518043B52B63990800552B6A /* EvolutionCompenent.swift in Sources */ = {isa = PBXBuildFile; fileRef = 518043B42B63990800552B6A /* EvolutionCompenent.swift */; };
		518043B92B639BBA00552B6A /* DetailTextCompents.swift in Sources */ = {isa = PBXBuildFile; fileRef = 518043B82B639BBA00552B6A /* DetailTextCompents.swift */; };
		518043BB2B63B45900552B6A /* MapComponent.swift in Sources */ = {isa = PBXBuildFile; fileRef = 518043BA2B63B45900552B6A /* MapComponent.swift */; };
		519FCA102B5A35CE002BC2B5 /* LoginViewController.swift in Sources */ = {isa = PBXBuildFile; fileRef = 519FCA0F2B5A35CE002BC2B5 /* LoginViewController.swift */; };
		519FCA122B5A35D7002BC2B5 /* RegisterViewController.swift in Sources */ = {isa = PBXBuildFile; fileRef = 519FCA112B5A35D7002BC2B5 /* RegisterViewController.swift */; };
		519FCA142B5A3606002BC2B5 /* ForgotViewController.swift in Sources */ = {isa = PBXBuildFile; fileRef = 519FCA132B5A3606002BC2B5 /* ForgotViewController.swift */; };
		519FCA162B5A46A3002BC2B5 /* CustomTextField.swift in Sources */ = {isa = PBXBuildFile; fileRef = 519FCA152B5A46A3002BC2B5 /* CustomTextField.swift */; };
		519FCA182B5A46FE002BC2B5 /* CustomButton.swift in Sources */ = {isa = PBXBuildFile; fileRef = 519FCA172B5A46FE002BC2B5 /* CustomButton.swift */; };
		519FCA1C2B5A4769002BC2B5 /* ImagePickerButton.swift in Sources */ = {isa = PBXBuildFile; fileRef = 519FCA1B2B5A4769002BC2B5 /* ImagePickerButton.swift */; };
		519FCA242B5A6F1F002BC2B5 /* FirebaseAnalytics in Frameworks */ = {isa = PBXBuildFile; productRef = 519FCA232B5A6F1F002BC2B5 /* FirebaseAnalytics */; };
		519FCA262B5A6F1F002BC2B5 /* FirebaseAnalyticsOnDeviceConversion in Frameworks */ = {isa = PBXBuildFile; productRef = 519FCA252B5A6F1F002BC2B5 /* FirebaseAnalyticsOnDeviceConversion */; };
		519FCA282B5A6F1F002BC2B5 /* FirebaseAnalyticsSwift in Frameworks */ = {isa = PBXBuildFile; productRef = 519FCA272B5A6F1F002BC2B5 /* FirebaseAnalyticsSwift */; };
		519FCA2A2B5A6F1F002BC2B5 /* FirebaseAnalyticsWithoutAdIdSupport in Frameworks */ = {isa = PBXBuildFile; productRef = 519FCA292B5A6F1F002BC2B5 /* FirebaseAnalyticsWithoutAdIdSupport */; };
		519FCA2C2B5A6F1F002BC2B5 /* FirebaseAppCheck in Frameworks */ = {isa = PBXBuildFile; productRef = 519FCA2B2B5A6F1F002BC2B5 /* FirebaseAppCheck */; };
		519FCA2E2B5A6F1F002BC2B5 /* FirebaseAppDistribution-Beta in Frameworks */ = {isa = PBXBuildFile; productRef = 519FCA2D2B5A6F1F002BC2B5 /* FirebaseAppDistribution-Beta */; };
		519FCA302B5A6F1F002BC2B5 /* FirebaseAuth in Frameworks */ = {isa = PBXBuildFile; productRef = 519FCA2F2B5A6F1F002BC2B5 /* FirebaseAuth */; };
		519FCA322B5A6F1F002BC2B5 /* FirebaseAuthCombine-Community in Frameworks */ = {isa = PBXBuildFile; productRef = 519FCA312B5A6F1F002BC2B5 /* FirebaseAuthCombine-Community */; };
		519FCA342B5A6F1F002BC2B5 /* FirebaseCrashlytics in Frameworks */ = {isa = PBXBuildFile; productRef = 519FCA332B5A6F1F002BC2B5 /* FirebaseCrashlytics */; };
		519FCA362B5A6F1F002BC2B5 /* FirebaseDatabase in Frameworks */ = {isa = PBXBuildFile; productRef = 519FCA352B5A6F1F002BC2B5 /* FirebaseDatabase */; };
		519FCA382B5A6F1F002BC2B5 /* FirebaseDatabaseSwift in Frameworks */ = {isa = PBXBuildFile; productRef = 519FCA372B5A6F1F002BC2B5 /* FirebaseDatabaseSwift */; };
		519FCA3A2B5A6F1F002BC2B5 /* FirebaseDynamicLinks in Frameworks */ = {isa = PBXBuildFile; productRef = 519FCA392B5A6F1F002BC2B5 /* FirebaseDynamicLinks */; };
		519FCA3C2B5A6F1F002BC2B5 /* FirebaseFirestore in Frameworks */ = {isa = PBXBuildFile; productRef = 519FCA3B2B5A6F1F002BC2B5 /* FirebaseFirestore */; };
		519FCA3E2B5A6F1F002BC2B5 /* FirebaseFirestoreCombine-Community in Frameworks */ = {isa = PBXBuildFile; productRef = 519FCA3D2B5A6F1F002BC2B5 /* FirebaseFirestoreCombine-Community */; };
		519FCA402B5A6F1F002BC2B5 /* FirebaseFirestoreSwift in Frameworks */ = {isa = PBXBuildFile; productRef = 519FCA3F2B5A6F1F002BC2B5 /* FirebaseFirestoreSwift */; };
		519FCA422B5A6F1F002BC2B5 /* FirebaseFunctions in Frameworks */ = {isa = PBXBuildFile; productRef = 519FCA412B5A6F1F002BC2B5 /* FirebaseFunctions */; };
		519FCA442B5A6F1F002BC2B5 /* FirebaseFunctionsCombine-Community in Frameworks */ = {isa = PBXBuildFile; productRef = 519FCA432B5A6F1F002BC2B5 /* FirebaseFunctionsCombine-Community */; };
		519FCA462B5A6F1F002BC2B5 /* FirebaseInAppMessaging-Beta in Frameworks */ = {isa = PBXBuildFile; productRef = 519FCA452B5A6F1F002BC2B5 /* FirebaseInAppMessaging-Beta */; };
		519FCA482B5A6F1F002BC2B5 /* FirebaseInAppMessagingSwift-Beta in Frameworks */ = {isa = PBXBuildFile; productRef = 519FCA472B5A6F1F002BC2B5 /* FirebaseInAppMessagingSwift-Beta */; };
		519FCA4A2B5A6F1F002BC2B5 /* FirebaseInstallations in Frameworks */ = {isa = PBXBuildFile; productRef = 519FCA492B5A6F1F002BC2B5 /* FirebaseInstallations */; };
		519FCA4C2B5A6F1F002BC2B5 /* FirebaseMLModelDownloader in Frameworks */ = {isa = PBXBuildFile; productRef = 519FCA4B2B5A6F1F002BC2B5 /* FirebaseMLModelDownloader */; };
		519FCA4E2B5A6F1F002BC2B5 /* FirebaseMessaging in Frameworks */ = {isa = PBXBuildFile; productRef = 519FCA4D2B5A6F1F002BC2B5 /* FirebaseMessaging */; };
		519FCA502B5A6F1F002BC2B5 /* FirebasePerformance in Frameworks */ = {isa = PBXBuildFile; productRef = 519FCA4F2B5A6F1F002BC2B5 /* FirebasePerformance */; };
		519FCA522B5A6F1F002BC2B5 /* FirebaseRemoteConfig in Frameworks */ = {isa = PBXBuildFile; productRef = 519FCA512B5A6F1F002BC2B5 /* FirebaseRemoteConfig */; };
		519FCA542B5A6F1F002BC2B5 /* FirebaseRemoteConfigSwift in Frameworks */ = {isa = PBXBuildFile; productRef = 519FCA532B5A6F1F002BC2B5 /* FirebaseRemoteConfigSwift */; };
		519FCA562B5A6F1F002BC2B5 /* FirebaseStorage in Frameworks */ = {isa = PBXBuildFile; productRef = 519FCA552B5A6F1F002BC2B5 /* FirebaseStorage */; };
		519FCA582B5A6F1F002BC2B5 /* FirebaseStorageCombine-Community in Frameworks */ = {isa = PBXBuildFile; productRef = 519FCA572B5A6F1F002BC2B5 /* FirebaseStorageCombine-Community */; };
		519FCA5E2B5A78FE002BC2B5 /* TabBarController.swift in Sources */ = {isa = PBXBuildFile; fileRef = 519FCA5D2B5A78FE002BC2B5 /* TabBarController.swift */; };
		519FCA602B5A8F28002BC2B5 /* PokedexViewController.swift in Sources */ = {isa = PBXBuildFile; fileRef = 519FCA5F2B5A8F28002BC2B5 /* PokedexViewController.swift */; };
		51A34ADC2B5E1D9900D5CF19 /* User.swift in Sources */ = {isa = PBXBuildFile; fileRef = 51A34ADB2B5E1D9900D5CF19 /* User.swift */; };
		51A34ADE2B5E816700D5CF19 /* ProfileViewController.swift in Sources */ = {isa = PBXBuildFile; fileRef = 51A34ADD2B5E816700D5CF19 /* ProfileViewController.swift */; };
		51A673FF2B62B56000745C01 /* StatCell.swift in Sources */ = {isa = PBXBuildFile; fileRef = 51A673FE2B62B56000745C01 /* StatCell.swift */; };
		51B5EF6A2B6CC30100928ED6 /* LoginViewModel.swift in Sources */ = {isa = PBXBuildFile; fileRef = 51B5EF692B6CC30100928ED6 /* LoginViewModel.swift */; };
		51B5EF6D2B6CC3B400928ED6 /* AuthenticationManager.swift in Sources */ = {isa = PBXBuildFile; fileRef = 51B5EF6C2B6CC3B400928ED6 /* AuthenticationManager.swift */; };
		51B5EF6F2B6CD79F00928ED6 /* ForgotPasswordViewModel.swift in Sources */ = {isa = PBXBuildFile; fileRef = 51B5EF6E2B6CD79F00928ED6 /* ForgotPasswordViewModel.swift */; };
		51B5EF722B6CDF0800928ED6 /* RegisterViewModel.swift in Sources */ = {isa = PBXBuildFile; fileRef = 51B5EF712B6CDF0800928ED6 /* RegisterViewModel.swift */; };
		51B5EF742B6CE43C00928ED6 /* PokemonManager.swift in Sources */ = {isa = PBXBuildFile; fileRef = 51B5EF732B6CE43C00928ED6 /* PokemonManager.swift */; };
		51B5EF782B6CE67200928ED6 /* TabBarViewModel.swift in Sources */ = {isa = PBXBuildFile; fileRef = 51B5EF772B6CE67200928ED6 /* TabBarViewModel.swift */; };
		51CB3E412B64E155001877C4 /* MyPokemonViewController.swift in Sources */ = {isa = PBXBuildFile; fileRef = 51CB3E402B64E155001877C4 /* MyPokemonViewController.swift */; };
		51CB3E432B64EE2E001877C4 /* MyPokemonViewModel.swift in Sources */ = {isa = PBXBuildFile; fileRef = 51CB3E422B64EE2E001877C4 /* MyPokemonViewModel.swift */; };
/* End PBXBuildFile section */

/* Begin PBXFileReference section */
		51005BDB2B74760900C4CC54 /* SettingViewController.swift */ = {isa = PBXFileReference; lastKnownFileType = sourcecode.swift; path = SettingViewController.swift; sourceTree = "<group>"; };
		51005BDD2B7482A300C4CC54 /* SettingViewModel.swift */ = {isa = PBXFileReference; lastKnownFileType = sourcecode.swift; path = SettingViewModel.swift; sourceTree = "<group>"; };
		5103BB1D2B6FE9AF002EE892 /* SearchViewModel.swift */ = {isa = PBXFileReference; lastKnownFileType = sourcecode.swift; path = SearchViewModel.swift; sourceTree = "<group>"; };
		51040E192B6653D0009BD5AA /* SplashViewController.swift */ = {isa = PBXFileReference; lastKnownFileType = sourcecode.swift; path = SplashViewController.swift; sourceTree = "<group>"; };
		51040E1C2B66B9F2009BD5AA /* MyPokemonEmptyView.swift */ = {isa = PBXFileReference; lastKnownFileType = sourcecode.swift; path = MyPokemonEmptyView.swift; sourceTree = "<group>"; };
		51040E1E2B66C356009BD5AA /* PokemonTypeOverlay.swift */ = {isa = PBXFileReference; lastKnownFileType = sourcecode.swift; path = PokemonTypeOverlay.swift; sourceTree = "<group>"; };
		51104D082B723CB300CBEEA9 /* Main.storyboard */ = {isa = PBXFileReference; lastKnownFileType = file.storyboard; path = Main.storyboard; sourceTree = "<group>"; };
		51104D0A2B723E7000CBEEA9 /* PresentionSytleController.swift */ = {isa = PBXFileReference; lastKnownFileType = sourcecode.swift; path = PresentionSytleController.swift; sourceTree = "<group>"; };
		511EF5222B57830000554F78 /* Pokedex-Nextzy-UIKit.app */ = {isa = PBXFileReference; explicitFileType = wrapper.application; includeInIndex = 0; path = "Pokedex-Nextzy-UIKit.app"; sourceTree = BUILT_PRODUCTS_DIR; };
		511EF5252B57830000554F78 /* AppDelegate.swift */ = {isa = PBXFileReference; lastKnownFileType = sourcecode.swift; path = AppDelegate.swift; sourceTree = "<group>"; };
		511EF5272B57830000554F78 /* SceneDelegate.swift */ = {isa = PBXFileReference; lastKnownFileType = sourcecode.swift; path = SceneDelegate.swift; sourceTree = "<group>"; };
		511EF52E2B57830100554F78 /* Assets.xcassets */ = {isa = PBXFileReference; lastKnownFileType = folder.assetcatalog; path = Assets.xcassets; sourceTree = "<group>"; };
		511EF5312B57830100554F78 /* Base */ = {isa = PBXFileReference; lastKnownFileType = file.storyboard; name = Base; path = Base.lproj/LaunchScreen.storyboard; sourceTree = "<group>"; };
		511EF5332B57830100554F78 /* Info.plist */ = {isa = PBXFileReference; lastKnownFileType = text.plist.xml; path = Info.plist; sourceTree = "<group>"; };
		512345ED2B5F6A1A00E84B66 /* EditProfileViewController.swift */ = {isa = PBXFileReference; lastKnownFileType = sourcecode.swift; path = EditProfileViewController.swift; sourceTree = "<group>"; };
		512345EF2B5F8E9000E84B66 /* WebViewController.swift */ = {isa = PBXFileReference; lastKnownFileType = sourcecode.swift; path = WebViewController.swift; sourceTree = "<group>"; };
		512345F62B5FC99900E84B66 /* PokemonCell.swift */ = {isa = PBXFileReference; lastKnownFileType = sourcecode.swift; path = PokemonCell.swift; sourceTree = "<group>"; };
		512AC9602B6E3E4E00F30FEE /* ProfileViewModel.swift */ = {isa = PBXFileReference; lastKnownFileType = sourcecode.swift; path = ProfileViewModel.swift; sourceTree = "<group>"; };
		512AC9622B6E420F00F30FEE /* EditProfileViewModel.swift */ = {isa = PBXFileReference; lastKnownFileType = sourcecode.swift; path = EditProfileViewModel.swift; sourceTree = "<group>"; };
		51339CDE2B602D5E00DA49EC /* Pokemon.swift */ = {isa = PBXFileReference; lastKnownFileType = sourcecode.swift; path = Pokemon.swift; sourceTree = "<group>"; };
		51339CE32B60C7DE00DA49EC /* SmallPokemonCell.swift */ = {isa = PBXFileReference; lastKnownFileType = sourcecode.swift; path = SmallPokemonCell.swift; sourceTree = "<group>"; };
		51339CE52B60CEB000DA49EC /* SearchViewController.swift */ = {isa = PBXFileReference; lastKnownFileType = sourcecode.swift; path = SearchViewController.swift; sourceTree = "<group>"; };
		51339CE72B6104B200DA49EC /* PokeballProgressView.swift */ = {isa = PBXFileReference; lastKnownFileType = sourcecode.swift; path = PokeballProgressView.swift; sourceTree = "<group>"; };
		51339CF02B625F4F00DA49EC /* AboutCell.swift */ = {isa = PBXFileReference; lastKnownFileType = sourcecode.swift; path = AboutCell.swift; sourceTree = "<group>"; };
		51339CF42B626D2800DA49EC /* DetailViewController.swift */ = {isa = PBXFileReference; lastKnownFileType = sourcecode.swift; path = DetailViewController.swift; sourceTree = "<group>"; };
		513D90052B6EC92C00ED9B63 /* PokedexViewModel.swift */ = {isa = PBXFileReference; lastKnownFileType = sourcecode.swift; path = PokedexViewModel.swift; sourceTree = "<group>"; };
		513D90072B6ECC3A00ED9B63 /* MyPokemonManager.swift */ = {isa = PBXFileReference; lastKnownFileType = sourcecode.swift; path = MyPokemonManager.swift; sourceTree = "<group>"; };
		513D90092B6EDEB000ED9B63 /* DetailViewModel.swift */ = {isa = PBXFileReference; lastKnownFileType = sourcecode.swift; path = DetailViewModel.swift; sourceTree = "<group>"; };
		515D21FF2B6A0E0900561C3C /* auth-video-bg.mp4 */ = {isa = PBXFileReference; lastKnownFileType = file; path = "auth-video-bg.mp4"; sourceTree = "<group>"; };
		515D222A2B6A4B8200561C3C /* en */ = {isa = PBXFileReference; lastKnownFileType = text.plist.strings; name = en; path = en.lproj/Localizable.strings; sourceTree = "<group>"; };
		515D222C2B6A4BA500561C3C /* th */ = {isa = PBXFileReference; lastKnownFileType = text.plist.strings; name = th; path = th.lproj/LaunchScreen.strings; sourceTree = "<group>"; };
		515D222D2B6A4BA500561C3C /* th */ = {isa = PBXFileReference; lastKnownFileType = text.plist.strings; name = th; path = th.lproj/Localizable.strings; sourceTree = "<group>"; };
		515D222E2B6B52B700561C3C /* PokemonCardCell.swift */ = {isa = PBXFileReference; lastKnownFileType = sourcecode.swift; path = PokemonCardCell.swift; sourceTree = "<group>"; };
		51617A6F2B7490D2007801D5 /* NotoSansThai-ExtraLight.ttf */ = {isa = PBXFileReference; lastKnownFileType = file; path = "NotoSansThai-ExtraLight.ttf"; sourceTree = "<group>"; };
		51617A702B7490D2007801D5 /* NotoSansThai-Light.ttf */ = {isa = PBXFileReference; lastKnownFileType = file; path = "NotoSansThai-Light.ttf"; sourceTree = "<group>"; };
		51617A712B7490D2007801D5 /* NotoSansThai-Black.ttf */ = {isa = PBXFileReference; lastKnownFileType = file; path = "NotoSansThai-Black.ttf"; sourceTree = "<group>"; };
		51617A722B7490D2007801D5 /* NotoSansThai-Thin.ttf */ = {isa = PBXFileReference; lastKnownFileType = file; path = "NotoSansThai-Thin.ttf"; sourceTree = "<group>"; };
		51617A732B7490D2007801D5 /* NotoSansThai-Bold.ttf */ = {isa = PBXFileReference; lastKnownFileType = file; path = "NotoSansThai-Bold.ttf"; sourceTree = "<group>"; };
		51617A742B7490D2007801D5 /* NotoSansThai-Regular.ttf */ = {isa = PBXFileReference; lastKnownFileType = file; path = "NotoSansThai-Regular.ttf"; sourceTree = "<group>"; };
		51617A752B7490D2007801D5 /* NotoSansThai-SemiBold.ttf */ = {isa = PBXFileReference; lastKnownFileType = file; path = "NotoSansThai-SemiBold.ttf"; sourceTree = "<group>"; };
		51617A762B7490D3007801D5 /* NotoSansThai-ExtraBold.ttf */ = {isa = PBXFileReference; lastKnownFileType = file; path = "NotoSansThai-ExtraBold.ttf"; sourceTree = "<group>"; };
		51617A772B7490D3007801D5 /* NotoSansThai-Medium.ttf */ = {isa = PBXFileReference; lastKnownFileType = file; path = "NotoSansThai-Medium.ttf"; sourceTree = "<group>"; };
		51617A812B74935B007801D5 /* FontExtension.swift */ = {isa = PBXFileReference; lastKnownFileType = sourcecode.swift; path = FontExtension.swift; sourceTree = "<group>"; };
		51617A852B74972A007801D5 /* UIViewControllerExtension.swift */ = {isa = PBXFileReference; lastKnownFileType = sourcecode.swift; path = UIViewControllerExtension.swift; sourceTree = "<group>"; };
		51617A872B749783007801D5 /* UIViewExtension.swift */ = {isa = PBXFileReference; lastKnownFileType = sourcecode.swift; path = UIViewExtension.swift; sourceTree = "<group>"; };
		51617A962B74C7B3007801D5 /* PokedexStoryboardController.swift */ = {isa = PBXFileReference; lastKnownFileType = sourcecode.swift; path = PokedexStoryboardController.swift; sourceTree = "<group>"; };
		51617A982B74C9F4007801D5 /* PokemonStoryboardCell.swift */ = {isa = PBXFileReference; lastKnownFileType = sourcecode.swift; path = PokemonStoryboardCell.swift; sourceTree = "<group>"; };
		51617A9A2B74D07D007801D5 /* MyPokemonStoryboardController.swift */ = {isa = PBXFileReference; lastKnownFileType = sourcecode.swift; path = MyPokemonStoryboardController.swift; sourceTree = "<group>"; };
		51617A9C2B74D6A0007801D5 /* TabBarStoryboardController.swift */ = {isa = PBXFileReference; lastKnownFileType = sourcecode.swift; path = TabBarStoryboardController.swift; sourceTree = "<group>"; };
		51617A9E2B7532BE007801D5 /* LoginStoryboardController.swift */ = {isa = PBXFileReference; lastKnownFileType = sourcecode.swift; path = LoginStoryboardController.swift; sourceTree = "<group>"; };
		51617AA12B753836007801D5 /* RegisterStoryboardController.swift */ = {isa = PBXFileReference; lastKnownFileType = sourcecode.swift; path = RegisterStoryboardController.swift; sourceTree = "<group>"; };
		51617AA32B753DD5007801D5 /* ForgotStoryboardController.swift */ = {isa = PBXFileReference; lastKnownFileType = sourcecode.swift; path = ForgotStoryboardController.swift; sourceTree = "<group>"; };
		516C9A2D2B6788B700DCE4F9 /* TextButton.swift */ = {isa = PBXFileReference; lastKnownFileType = sourcecode.swift; path = TextButton.swift; sourceTree = "<group>"; };
		516C9A2F2B678ADB00DCE4F9 /* LoginTextField.swift */ = {isa = PBXFileReference; lastKnownFileType = sourcecode.swift; path = LoginTextField.swift; sourceTree = "<group>"; };
		516C9A352B679D0000DCE4F9 /* GoogleService-Info.plist */ = {isa = PBXFileReference; fileEncoding = 4; lastKnownFileType = text.plist.xml; path = "GoogleService-Info.plist"; sourceTree = "<group>"; };
		518043A92B6348D200552B6A /* EvolutionCell.swift */ = {isa = PBXFileReference; lastKnownFileType = sourcecode.swift; path = EvolutionCell.swift; sourceTree = "<group>"; };
		518043B02B63985600552B6A /* StatBar.swift */ = {isa = PBXFileReference; lastKnownFileType = sourcecode.swift; path = StatBar.swift; sourceTree = "<group>"; };
		518043B22B6398BB00552B6A /* PokemonTypeComponent.swift */ = {isa = PBXFileReference; lastKnownFileType = sourcecode.swift; path = PokemonTypeComponent.swift; sourceTree = "<group>"; };
		518043B42B63990800552B6A /* EvolutionCompenent.swift */ = {isa = PBXFileReference; lastKnownFileType = sourcecode.swift; path = EvolutionCompenent.swift; sourceTree = "<group>"; };
		518043B82B639BBA00552B6A /* DetailTextCompents.swift */ = {isa = PBXFileReference; lastKnownFileType = sourcecode.swift; path = DetailTextCompents.swift; sourceTree = "<group>"; };
		518043BA2B63B45900552B6A /* MapComponent.swift */ = {isa = PBXFileReference; lastKnownFileType = sourcecode.swift; path = MapComponent.swift; sourceTree = "<group>"; };
		519FCA0F2B5A35CE002BC2B5 /* LoginViewController.swift */ = {isa = PBXFileReference; lastKnownFileType = sourcecode.swift; path = LoginViewController.swift; sourceTree = "<group>"; };
		519FCA112B5A35D7002BC2B5 /* RegisterViewController.swift */ = {isa = PBXFileReference; lastKnownFileType = sourcecode.swift; path = RegisterViewController.swift; sourceTree = "<group>"; };
		519FCA132B5A3606002BC2B5 /* ForgotViewController.swift */ = {isa = PBXFileReference; lastKnownFileType = sourcecode.swift; path = ForgotViewController.swift; sourceTree = "<group>"; };
		519FCA152B5A46A3002BC2B5 /* CustomTextField.swift */ = {isa = PBXFileReference; lastKnownFileType = sourcecode.swift; path = CustomTextField.swift; sourceTree = "<group>"; };
		519FCA172B5A46FE002BC2B5 /* CustomButton.swift */ = {isa = PBXFileReference; lastKnownFileType = sourcecode.swift; path = CustomButton.swift; sourceTree = "<group>"; };
		519FCA1B2B5A4769002BC2B5 /* ImagePickerButton.swift */ = {isa = PBXFileReference; lastKnownFileType = sourcecode.swift; path = ImagePickerButton.swift; sourceTree = "<group>"; };
		519FCA5D2B5A78FE002BC2B5 /* TabBarController.swift */ = {isa = PBXFileReference; lastKnownFileType = sourcecode.swift; path = TabBarController.swift; sourceTree = "<group>"; };
		519FCA5F2B5A8F28002BC2B5 /* PokedexViewController.swift */ = {isa = PBXFileReference; lastKnownFileType = sourcecode.swift; path = PokedexViewController.swift; sourceTree = "<group>"; };
		51A34ADB2B5E1D9900D5CF19 /* User.swift */ = {isa = PBXFileReference; lastKnownFileType = sourcecode.swift; path = User.swift; sourceTree = "<group>"; };
		51A34ADD2B5E816700D5CF19 /* ProfileViewController.swift */ = {isa = PBXFileReference; lastKnownFileType = sourcecode.swift; path = ProfileViewController.swift; sourceTree = "<group>"; };
		51A673FE2B62B56000745C01 /* StatCell.swift */ = {isa = PBXFileReference; lastKnownFileType = sourcecode.swift; path = StatCell.swift; sourceTree = "<group>"; };
		51B5EF692B6CC30100928ED6 /* LoginViewModel.swift */ = {isa = PBXFileReference; lastKnownFileType = sourcecode.swift; path = LoginViewModel.swift; sourceTree = "<group>"; };
		51B5EF6C2B6CC3B400928ED6 /* AuthenticationManager.swift */ = {isa = PBXFileReference; lastKnownFileType = sourcecode.swift; path = AuthenticationManager.swift; sourceTree = "<group>"; };
		51B5EF6E2B6CD79F00928ED6 /* ForgotPasswordViewModel.swift */ = {isa = PBXFileReference; lastKnownFileType = sourcecode.swift; path = ForgotPasswordViewModel.swift; sourceTree = "<group>"; };
		51B5EF712B6CDF0800928ED6 /* RegisterViewModel.swift */ = {isa = PBXFileReference; lastKnownFileType = sourcecode.swift; path = RegisterViewModel.swift; sourceTree = "<group>"; };
		51B5EF732B6CE43C00928ED6 /* PokemonManager.swift */ = {isa = PBXFileReference; lastKnownFileType = sourcecode.swift; path = PokemonManager.swift; sourceTree = "<group>"; };
		51B5EF772B6CE67200928ED6 /* TabBarViewModel.swift */ = {isa = PBXFileReference; lastKnownFileType = sourcecode.swift; path = TabBarViewModel.swift; sourceTree = "<group>"; };
		51CB3E402B64E155001877C4 /* MyPokemonViewController.swift */ = {isa = PBXFileReference; lastKnownFileType = sourcecode.swift; path = MyPokemonViewController.swift; sourceTree = "<group>"; };
		51CB3E422B64EE2E001877C4 /* MyPokemonViewModel.swift */ = {isa = PBXFileReference; lastKnownFileType = sourcecode.swift; path = MyPokemonViewModel.swift; sourceTree = "<group>"; };
/* End PBXFileReference section */

/* Begin PBXFrameworksBuildPhase section */
		511EF51F2B57830000554F78 /* Frameworks */ = {
			isa = PBXFrameworksBuildPhase;
			buildActionMask = 2147483647;
			files = (
				519FCA362B5A6F1F002BC2B5 /* FirebaseDatabase in Frameworks */,
				519FCA442B5A6F1F002BC2B5 /* FirebaseFunctionsCombine-Community in Frameworks */,
				519FCA3C2B5A6F1F002BC2B5 /* FirebaseFirestore in Frameworks */,
				519FCA282B5A6F1F002BC2B5 /* FirebaseAnalyticsSwift in Frameworks */,
				519FCA242B5A6F1F002BC2B5 /* FirebaseAnalytics in Frameworks */,
				516C9A392B679E4F00DCE4F9 /* GoogleSignIn in Frameworks */,
				519FCA262B5A6F1F002BC2B5 /* FirebaseAnalyticsOnDeviceConversion in Frameworks */,
				519FCA4C2B5A6F1F002BC2B5 /* FirebaseMLModelDownloader in Frameworks */,
				519FCA402B5A6F1F002BC2B5 /* FirebaseFirestoreSwift in Frameworks */,
				519FCA2C2B5A6F1F002BC2B5 /* FirebaseAppCheck in Frameworks */,
				519FCA2A2B5A6F1F002BC2B5 /* FirebaseAnalyticsWithoutAdIdSupport in Frameworks */,
				519FCA302B5A6F1F002BC2B5 /* FirebaseAuth in Frameworks */,
				519FCA342B5A6F1F002BC2B5 /* FirebaseCrashlytics in Frameworks */,
				519FCA542B5A6F1F002BC2B5 /* FirebaseRemoteConfigSwift in Frameworks */,
				519FCA462B5A6F1F002BC2B5 /* FirebaseInAppMessaging-Beta in Frameworks */,
				519FCA382B5A6F1F002BC2B5 /* FirebaseDatabaseSwift in Frameworks */,
				519FCA422B5A6F1F002BC2B5 /* FirebaseFunctions in Frameworks */,
				512345F32B5FAD6A00E84B66 /* Kingfisher in Frameworks */,
				519FCA582B5A6F1F002BC2B5 /* FirebaseStorageCombine-Community in Frameworks */,
				519FCA522B5A6F1F002BC2B5 /* FirebaseRemoteConfig in Frameworks */,
				519FCA2E2B5A6F1F002BC2B5 /* FirebaseAppDistribution-Beta in Frameworks */,
				519FCA322B5A6F1F002BC2B5 /* FirebaseAuthCombine-Community in Frameworks */,
				51339CE22B602F2800DA49EC /* Alamofire in Frameworks */,
				516C9A3B2B679E4F00DCE4F9 /* GoogleSignInSwift in Frameworks */,
				519FCA502B5A6F1F002BC2B5 /* FirebasePerformance in Frameworks */,
				519FCA482B5A6F1F002BC2B5 /* FirebaseInAppMessagingSwift-Beta in Frameworks */,
				519FCA562B5A6F1F002BC2B5 /* FirebaseStorage in Frameworks */,
				519FCA3A2B5A6F1F002BC2B5 /* FirebaseDynamicLinks in Frameworks */,
				519FCA3E2B5A6F1F002BC2B5 /* FirebaseFirestoreCombine-Community in Frameworks */,
				519FCA4E2B5A6F1F002BC2B5 /* FirebaseMessaging in Frameworks */,
				519FCA4A2B5A6F1F002BC2B5 /* FirebaseInstallations in Frameworks */,
			);
			runOnlyForDeploymentPostprocessing = 0;
		};
/* End PBXFrameworksBuildPhase section */

/* Begin PBXGroup section */
		5103BB1A2B6FE771002EE892 /* Pokedex */ = {
			isa = PBXGroup;
			children = (
				513D90052B6EC92C00ED9B63 /* PokedexViewModel.swift */,
				513D90092B6EDEB000ED9B63 /* DetailViewModel.swift */,
				5103BB1D2B6FE9AF002EE892 /* SearchViewModel.swift */,
			);
			path = Pokedex;
			sourceTree = "<group>";
		};
		5103BB1B2B6FE783002EE892 /* MyPokemon */ = {
			isa = PBXGroup;
			children = (
				51CB3E422B64EE2E001877C4 /* MyPokemonViewModel.swift */,
			);
			path = MyPokemon;
			sourceTree = "<group>";
		};
		5103BB1C2B6FE7CC002EE892 /* Profile */ = {
			isa = PBXGroup;
			children = (
				512AC9602B6E3E4E00F30FEE /* ProfileViewModel.swift */,
				512AC9622B6E420F00F30FEE /* EditProfileViewModel.swift */,
				51005BDD2B7482A300C4CC54 /* SettingViewModel.swift */,
			);
			path = Profile;
			sourceTree = "<group>";
		};
		51040E182B665353009BD5AA /* Auth */ = {
			isa = PBXGroup;
			children = (
				519FCA152B5A46A3002BC2B5 /* CustomTextField.swift */,
				516C9A2F2B678ADB00DCE4F9 /* LoginTextField.swift */,
				519FCA172B5A46FE002BC2B5 /* CustomButton.swift */,
				519FCA1B2B5A4769002BC2B5 /* ImagePickerButton.swift */,
				516C9A2D2B6788B700DCE4F9 /* TextButton.swift */,
			);
			path = Auth;
			sourceTree = "<group>";
		};
		51040E1B2B669C0C009BD5AA /* MyPokemon */ = {
			isa = PBXGroup;
			children = (
			);
			path = MyPokemon;
			sourceTree = "<group>";
		};
		511EF5192B57830000554F78 = {
			isa = PBXGroup;
			children = (
				511EF5242B57830000554F78 /* Pokedex-Nextzy-UIKit */,
				511EF5232B57830000554F78 /* Products */,
			);
			sourceTree = "<group>";
		};
		511EF5232B57830000554F78 /* Products */ = {
			isa = PBXGroup;
			children = (
				511EF5222B57830000554F78 /* Pokedex-Nextzy-UIKit.app */,
			);
			name = Products;
			sourceTree = "<group>";
		};
		511EF5242B57830000554F78 /* Pokedex-Nextzy-UIKit */ = {
			isa = PBXGroup;
			children = (
				51B5EF6B2B6CC39000928ED6 /* Manager */,
				519FC9F22B5A20A6002BC2B5 /* Model */,
				519FC9F32B5A20AF002BC2B5 /* View */,
				519FC9F62B5A20CF002BC2B5 /* ViewModel */,
				519FC9F72B5A21D5002BC2B5 /* Controller */,
				519FC9F82B5A21EC002BC2B5 /* Supporting */,
				51617A842B749685007801D5 /* Extension */,
				51617A6E2B7490B2007801D5 /* Fonts */,
				511EF52E2B57830100554F78 /* Assets.xcassets */,
				515D222B2B6A4B8200561C3C /* Localizable.strings */,
				515D21FF2B6A0E0900561C3C /* auth-video-bg.mp4 */,
				51104D082B723CB300CBEEA9 /* Main.storyboard */,
				511EF5302B57830100554F78 /* LaunchScreen.storyboard */,
				511EF5332B57830100554F78 /* Info.plist */,
				516C9A352B679D0000DCE4F9 /* GoogleService-Info.plist */,
			);
			path = "Pokedex-Nextzy-UIKit";
			sourceTree = "<group>";
		};
		512345EC2B5F6A0700E84B66 /* Profile */ = {
			isa = PBXGroup;
			children = (
				51A34ADD2B5E816700D5CF19 /* ProfileViewController.swift */,
				512345ED2B5F6A1A00E84B66 /* EditProfileViewController.swift */,
				512345EF2B5F8E9000E84B66 /* WebViewController.swift */,
				51005BDB2B74760900C4CC54 /* SettingViewController.swift */,
			);
			path = Profile;
			sourceTree = "<group>";
		};
		512345F52B5FC97E00E84B66 /* Pokedex */ = {
			isa = PBXGroup;
			children = (
				51617A8D2B74BD54007801D5 /* Storyboard */,
				518043AF2B63983800552B6A /* Components */,
				518043AC2B63977300552B6A /* Detail Cell */,
				512345F62B5FC99900E84B66 /* PokemonCell.swift */,
				51339CE32B60C7DE00DA49EC /* SmallPokemonCell.swift */,
				515D222E2B6B52B700561C3C /* PokemonCardCell.swift */,
			);
			path = Pokedex;
			sourceTree = "<group>";
		};
		51339CE92B611D6E00DA49EC /* Pokedex */ = {
			isa = PBXGroup;
			children = (
				519FCA5F2B5A8F28002BC2B5 /* PokedexViewController.swift */,
				51339CE52B60CEB000DA49EC /* SearchViewController.swift */,
				51339CF42B626D2800DA49EC /* DetailViewController.swift */,
			);
			path = Pokedex;
			sourceTree = "<group>";
		};
		51617A6E2B7490B2007801D5 /* Fonts */ = {
			isa = PBXGroup;
			children = (
				51617A712B7490D2007801D5 /* NotoSansThai-Black.ttf */,
				51617A732B7490D2007801D5 /* NotoSansThai-Bold.ttf */,
				51617A762B7490D3007801D5 /* NotoSansThai-ExtraBold.ttf */,
				51617A6F2B7490D2007801D5 /* NotoSansThai-ExtraLight.ttf */,
				51617A702B7490D2007801D5 /* NotoSansThai-Light.ttf */,
				51617A772B7490D3007801D5 /* NotoSansThai-Medium.ttf */,
				51617A742B7490D2007801D5 /* NotoSansThai-Regular.ttf */,
				51617A752B7490D2007801D5 /* NotoSansThai-SemiBold.ttf */,
				51617A722B7490D2007801D5 /* NotoSansThai-Thin.ttf */,
			);
			path = Fonts;
			sourceTree = "<group>";
		};
		51617A842B749685007801D5 /* Extension */ = {
			isa = PBXGroup;
			children = (
				51617A812B74935B007801D5 /* FontExtension.swift */,
				51617A852B74972A007801D5 /* UIViewControllerExtension.swift */,
				51617A872B749783007801D5 /* UIViewExtension.swift */,
			);
			path = Extension;
			sourceTree = "<group>";
		};
		51617A8D2B74BD54007801D5 /* Storyboard */ = {
			isa = PBXGroup;
			children = (
				51617A982B74C9F4007801D5 /* PokemonStoryboardCell.swift */,
			);
			path = Storyboard;
			sourceTree = "<group>";
		};
		51617A902B74C591007801D5 /* Storyboard */ = {
			isa = PBXGroup;
			children = (
				51617AA02B7532C2007801D5 /* Auth */,
				51617A952B74C791007801D5 /* TabBar */,
			);
			path = Storyboard;
			sourceTree = "<group>";
		};
		51617A912B74C59E007801D5 /* Programmatic */ = {
			isa = PBXGroup;
			children = (
				519FC9F92B5A2277002BC2B5 /* Auth */,
				519FC9FA2B5A227C002BC2B5 /* TabBar */,
			);
			path = Programmatic;
			sourceTree = "<group>";
		};
		51617A952B74C791007801D5 /* TabBar */ = {
			isa = PBXGroup;
			children = (
				51617A9C2B74D6A0007801D5 /* TabBarStoryboardController.swift */,
				51617A962B74C7B3007801D5 /* PokedexStoryboardController.swift */,
				51617A9A2B74D07D007801D5 /* MyPokemonStoryboardController.swift */,
			);
			path = TabBar;
			sourceTree = "<group>";
		};
		51617AA02B7532C2007801D5 /* Auth */ = {
			isa = PBXGroup;
			children = (
				51617A9E2B7532BE007801D5 /* LoginStoryboardController.swift */,
				51617AA12B753836007801D5 /* RegisterStoryboardController.swift */,
				51617AA32B753DD5007801D5 /* ForgotStoryboardController.swift */,
			);
			path = Auth;
			sourceTree = "<group>";
		};
		518043AC2B63977300552B6A /* Detail Cell */ = {
			isa = PBXGroup;
			children = (
				51339CF02B625F4F00DA49EC /* AboutCell.swift */,
				51A673FE2B62B56000745C01 /* StatCell.swift */,
				518043A92B6348D200552B6A /* EvolutionCell.swift */,
			);
			path = "Detail Cell";
			sourceTree = "<group>";
		};
		518043AF2B63983800552B6A /* Components */ = {
			isa = PBXGroup;
			children = (
				518043B02B63985600552B6A /* StatBar.swift */,
				518043B22B6398BB00552B6A /* PokemonTypeComponent.swift */,
				518043B42B63990800552B6A /* EvolutionCompenent.swift */,
				518043B82B639BBA00552B6A /* DetailTextCompents.swift */,
				518043BA2B63B45900552B6A /* MapComponent.swift */,
				51040E1E2B66C356009BD5AA /* PokemonTypeOverlay.swift */,
			);
			path = Components;
			sourceTree = "<group>";
		};
		519FC9F22B5A20A6002BC2B5 /* Model */ = {
			isa = PBXGroup;
			children = (
				51A34ADB2B5E1D9900D5CF19 /* User.swift */,
				51339CDE2B602D5E00DA49EC /* Pokemon.swift */,
			);
			path = Model;
			sourceTree = "<group>";
		};
		519FC9F32B5A20AF002BC2B5 /* View */ = {
			isa = PBXGroup;
			children = (
				51040E182B665353009BD5AA /* Auth */,
				512345F52B5FC97E00E84B66 /* Pokedex */,
				51040E1B2B669C0C009BD5AA /* MyPokemon */,
				51339CE72B6104B200DA49EC /* PokeballProgressView.swift */,
			);
			path = View;
			sourceTree = "<group>";
		};
		519FC9F62B5A20CF002BC2B5 /* ViewModel */ = {
			isa = PBXGroup;
			children = (
				51B5EF702B6CDEE000928ED6 /* Auth */,
				51B5EF762B6CE65700928ED6 /* TabBar */,
			);
			path = ViewModel;
			sourceTree = "<group>";
		};
		519FC9F72B5A21D5002BC2B5 /* Controller */ = {
			isa = PBXGroup;
			children = (
				51040E192B6653D0009BD5AA /* SplashViewController.swift */,
				51104D0A2B723E7000CBEEA9 /* PresentionSytleController.swift */,
				51617A912B74C59E007801D5 /* Programmatic */,
				51617A902B74C591007801D5 /* Storyboard */,
			);
			path = Controller;
			sourceTree = "<group>";
		};
		519FC9F82B5A21EC002BC2B5 /* Supporting */ = {
			isa = PBXGroup;
			children = (
				511EF5252B57830000554F78 /* AppDelegate.swift */,
				511EF5272B57830000554F78 /* SceneDelegate.swift */,
			);
			path = Supporting;
			sourceTree = "<group>";
		};
		519FC9F92B5A2277002BC2B5 /* Auth */ = {
			isa = PBXGroup;
			children = (
				519FCA0F2B5A35CE002BC2B5 /* LoginViewController.swift */,
				519FCA112B5A35D7002BC2B5 /* RegisterViewController.swift */,
				519FCA132B5A3606002BC2B5 /* ForgotViewController.swift */,
			);
			path = Auth;
			sourceTree = "<group>";
		};
		519FC9FA2B5A227C002BC2B5 /* TabBar */ = {
			isa = PBXGroup;
			children = (
				519FCA5D2B5A78FE002BC2B5 /* TabBarController.swift */,
				51339CE92B611D6E00DA49EC /* Pokedex */,
				51CB3E3F2B64E100001877C4 /* MyPokemon */,
				512345EC2B5F6A0700E84B66 /* Profile */,
			);
			path = TabBar;
			sourceTree = "<group>";
		};
		51B5EF6B2B6CC39000928ED6 /* Manager */ = {
			isa = PBXGroup;
			children = (
				51B5EF6C2B6CC3B400928ED6 /* AuthenticationManager.swift */,
				51B5EF732B6CE43C00928ED6 /* PokemonManager.swift */,
				513D90072B6ECC3A00ED9B63 /* MyPokemonManager.swift */,
			);
			path = Manager;
			sourceTree = "<group>";
		};
		51B5EF702B6CDEE000928ED6 /* Auth */ = {
			isa = PBXGroup;
			children = (
				51B5EF692B6CC30100928ED6 /* LoginViewModel.swift */,
				51B5EF6E2B6CD79F00928ED6 /* ForgotPasswordViewModel.swift */,
				51B5EF712B6CDF0800928ED6 /* RegisterViewModel.swift */,
			);
			path = Auth;
			sourceTree = "<group>";
		};
		51B5EF762B6CE65700928ED6 /* TabBar */ = {
			isa = PBXGroup;
			children = (
				51B5EF772B6CE67200928ED6 /* TabBarViewModel.swift */,
				5103BB1A2B6FE771002EE892 /* Pokedex */,
				5103BB1B2B6FE783002EE892 /* MyPokemon */,
				5103BB1C2B6FE7CC002EE892 /* Profile */,
			);
			path = TabBar;
			sourceTree = "<group>";
		};
		51CB3E3F2B64E100001877C4 /* MyPokemon */ = {
			isa = PBXGroup;
			children = (
				51CB3E402B64E155001877C4 /* MyPokemonViewController.swift */,
				51040E1C2B66B9F2009BD5AA /* MyPokemonEmptyView.swift */,
			);
			path = MyPokemon;
			sourceTree = "<group>";
		};
/* End PBXGroup section */

/* Begin PBXNativeTarget section */
		511EF5212B57830000554F78 /* Pokedex-Nextzy-UIKit */ = {
			isa = PBXNativeTarget;
			buildConfigurationList = 511EF5362B57830100554F78 /* Build configuration list for PBXNativeTarget "Pokedex-Nextzy-UIKit" */;
			buildPhases = (
				511EF51E2B57830000554F78 /* Sources */,
				511EF51F2B57830000554F78 /* Frameworks */,
				511EF5202B57830000554F78 /* Resources */,
			);
			buildRules = (
			);
			dependencies = (
			);
			name = "Pokedex-Nextzy-UIKit";
			packageProductDependencies = (
				519FCA232B5A6F1F002BC2B5 /* FirebaseAnalytics */,
				519FCA252B5A6F1F002BC2B5 /* FirebaseAnalyticsOnDeviceConversion */,
				519FCA272B5A6F1F002BC2B5 /* FirebaseAnalyticsSwift */,
				519FCA292B5A6F1F002BC2B5 /* FirebaseAnalyticsWithoutAdIdSupport */,
				519FCA2B2B5A6F1F002BC2B5 /* FirebaseAppCheck */,
				519FCA2D2B5A6F1F002BC2B5 /* FirebaseAppDistribution-Beta */,
				519FCA2F2B5A6F1F002BC2B5 /* FirebaseAuth */,
				519FCA312B5A6F1F002BC2B5 /* FirebaseAuthCombine-Community */,
				519FCA332B5A6F1F002BC2B5 /* FirebaseCrashlytics */,
				519FCA352B5A6F1F002BC2B5 /* FirebaseDatabase */,
				519FCA372B5A6F1F002BC2B5 /* FirebaseDatabaseSwift */,
				519FCA392B5A6F1F002BC2B5 /* FirebaseDynamicLinks */,
				519FCA3B2B5A6F1F002BC2B5 /* FirebaseFirestore */,
				519FCA3D2B5A6F1F002BC2B5 /* FirebaseFirestoreCombine-Community */,
				519FCA3F2B5A6F1F002BC2B5 /* FirebaseFirestoreSwift */,
				519FCA412B5A6F1F002BC2B5 /* FirebaseFunctions */,
				519FCA432B5A6F1F002BC2B5 /* FirebaseFunctionsCombine-Community */,
				519FCA452B5A6F1F002BC2B5 /* FirebaseInAppMessaging-Beta */,
				519FCA472B5A6F1F002BC2B5 /* FirebaseInAppMessagingSwift-Beta */,
				519FCA492B5A6F1F002BC2B5 /* FirebaseInstallations */,
				519FCA4B2B5A6F1F002BC2B5 /* FirebaseMLModelDownloader */,
				519FCA4D2B5A6F1F002BC2B5 /* FirebaseMessaging */,
				519FCA4F2B5A6F1F002BC2B5 /* FirebasePerformance */,
				519FCA512B5A6F1F002BC2B5 /* FirebaseRemoteConfig */,
				519FCA532B5A6F1F002BC2B5 /* FirebaseRemoteConfigSwift */,
				519FCA552B5A6F1F002BC2B5 /* FirebaseStorage */,
				519FCA572B5A6F1F002BC2B5 /* FirebaseStorageCombine-Community */,
				512345F22B5FAD6A00E84B66 /* Kingfisher */,
				51339CE12B602F2800DA49EC /* Alamofire */,
				516C9A382B679E4F00DCE4F9 /* GoogleSignIn */,
				516C9A3A2B679E4F00DCE4F9 /* GoogleSignInSwift */,
			);
			productName = "Pokedex-Nextzy-UIKit";
			productReference = 511EF5222B57830000554F78 /* Pokedex-Nextzy-UIKit.app */;
			productType = "com.apple.product-type.application";
		};
/* End PBXNativeTarget section */

/* Begin PBXProject section */
		511EF51A2B57830000554F78 /* Project object */ = {
			isa = PBXProject;
			attributes = {
				BuildIndependentTargetsInParallel = 1;
				LastSwiftUpdateCheck = 1520;
				LastUpgradeCheck = 1520;
				TargetAttributes = {
					511EF5212B57830000554F78 = {
						CreatedOnToolsVersion = 15.2;
					};
				};
			};
			buildConfigurationList = 511EF51D2B57830000554F78 /* Build configuration list for PBXProject "Pokedex-Nextzy-UIKit" */;
			compatibilityVersion = "Xcode 14.0";
			developmentRegion = en;
			hasScannedForEncodings = 0;
			knownRegions = (
				en,
				Base,
				th,
			);
			mainGroup = 511EF5192B57830000554F78;
			packageReferences = (
				519FCA222B5A6F1F002BC2B5 /* XCRemoteSwiftPackageReference "firebase-ios-sdk" */,
				512345F12B5FAD6A00E84B66 /* XCRemoteSwiftPackageReference "Kingfisher" */,
				51339CE02B602F2800DA49EC /* XCRemoteSwiftPackageReference "Alamofire" */,
				516C9A372B679E4F00DCE4F9 /* XCRemoteSwiftPackageReference "GoogleSignIn-iOS" */,
			);
			productRefGroup = 511EF5232B57830000554F78 /* Products */;
			projectDirPath = "";
			projectRoot = "";
			targets = (
				511EF5212B57830000554F78 /* Pokedex-Nextzy-UIKit */,
			);
		};
/* End PBXProject section */

/* Begin PBXResourcesBuildPhase section */
		511EF5202B57830000554F78 /* Resources */ = {
			isa = PBXResourcesBuildPhase;
			buildActionMask = 2147483647;
			files = (
				51617A7B2B7490D3007801D5 /* NotoSansThai-Thin.ttf in Resources */,
				51617A7F2B7490D3007801D5 /* NotoSansThai-ExtraBold.ttf in Resources */,
				515D22292B6A4B8200561C3C /* Localizable.strings in Resources */,
				51617A7D2B7490D3007801D5 /* NotoSansThai-Regular.ttf in Resources */,
				515D22002B6A0E0900561C3C /* auth-video-bg.mp4 in Resources */,
				51617A802B7490D3007801D5 /* NotoSansThai-Medium.ttf in Resources */,
				51617A792B7490D3007801D5 /* NotoSansThai-Light.ttf in Resources */,
				511EF5322B57830100554F78 /* LaunchScreen.storyboard in Resources */,
				51617A782B7490D3007801D5 /* NotoSansThai-ExtraLight.ttf in Resources */,
				51104D092B723CB300CBEEA9 /* Main.storyboard in Resources */,
				511EF52F2B57830100554F78 /* Assets.xcassets in Resources */,
				516C9A362B679D0000DCE4F9 /* GoogleService-Info.plist in Resources */,
				51617A7C2B7490D3007801D5 /* NotoSansThai-Bold.ttf in Resources */,
				51617A7A2B7490D3007801D5 /* NotoSansThai-Black.ttf in Resources */,
				51617A7E2B7490D3007801D5 /* NotoSansThai-SemiBold.ttf in Resources */,
			);
			runOnlyForDeploymentPostprocessing = 0;
		};
/* End PBXResourcesBuildPhase section */

/* Begin PBXSourcesBuildPhase section */
		511EF51E2B57830000554F78 /* Sources */ = {
			isa = PBXSourcesBuildPhase;
			buildActionMask = 2147483647;
			files = (
				512345EE2B5F6A1A00E84B66 /* EditProfileViewController.swift in Sources */,
				516C9A2E2B6788B700DCE4F9 /* TextButton.swift in Sources */,
				51005BDE2B7482A300C4CC54 /* SettingViewModel.swift in Sources */,
				516C9A302B678ADB00DCE4F9 /* LoginTextField.swift in Sources */,
				519FCA162B5A46A3002BC2B5 /* CustomTextField.swift in Sources */,
				51005BDC2B74760900C4CC54 /* SettingViewController.swift in Sources */,
				51B5EF6D2B6CC3B400928ED6 /* AuthenticationManager.swift in Sources */,
				513D90062B6EC92C00ED9B63 /* PokedexViewModel.swift in Sources */,
				51339CE42B60C7DE00DA49EC /* SmallPokemonCell.swift in Sources */,
				51617A9B2B74D07D007801D5 /* MyPokemonStoryboardController.swift in Sources */,
				51040E1D2B66B9F2009BD5AA /* MyPokemonEmptyView.swift in Sources */,
				51617A822B74935B007801D5 /* FontExtension.swift in Sources */,
				519FCA102B5A35CE002BC2B5 /* LoginViewController.swift in Sources */,
				519FCA122B5A35D7002BC2B5 /* RegisterViewController.swift in Sources */,
				51617A9F2B7532BE007801D5 /* LoginStoryboardController.swift in Sources */,
				51B5EF782B6CE67200928ED6 /* TabBarViewModel.swift in Sources */,
				518043AA2B6348D200552B6A /* EvolutionCell.swift in Sources */,
				51339CE82B6104B200DA49EC /* PokeballProgressView.swift in Sources */,
				518043B32B6398BB00552B6A /* PokemonTypeComponent.swift in Sources */,
				518043B52B63990800552B6A /* EvolutionCompenent.swift in Sources */,
				51339CDF2B602D5E00DA49EC /* Pokemon.swift in Sources */,
				51B5EF742B6CE43C00928ED6 /* PokemonManager.swift in Sources */,
				51104D0B2B723E7000CBEEA9 /* PresentionSytleController.swift in Sources */,
				51339CF12B625F4F00DA49EC /* AboutCell.swift in Sources */,
				519FCA1C2B5A4769002BC2B5 /* ImagePickerButton.swift in Sources */,
				51A34ADC2B5E1D9900D5CF19 /* User.swift in Sources */,
				51617A992B74C9F4007801D5 /* PokemonStoryboardCell.swift in Sources */,
				51B5EF722B6CDF0800928ED6 /* RegisterViewModel.swift in Sources */,
				51CB3E412B64E155001877C4 /* MyPokemonViewController.swift in Sources */,
				519FCA602B5A8F28002BC2B5 /* PokedexViewController.swift in Sources */,
				515D222F2B6B52B700561C3C /* PokemonCardCell.swift in Sources */,
				512AC9632B6E420F00F30FEE /* EditProfileViewModel.swift in Sources */,
				519FCA182B5A46FE002BC2B5 /* CustomButton.swift in Sources */,
				51339CE62B60CEB000DA49EC /* SearchViewController.swift in Sources */,
				51040E1A2B6653D0009BD5AA /* SplashViewController.swift in Sources */,
				51B5EF6F2B6CD79F00928ED6 /* ForgotPasswordViewModel.swift in Sources */,
				513D900A2B6EDEB000ED9B63 /* DetailViewModel.swift in Sources */,
				51617A882B749783007801D5 /* UIViewExtension.swift in Sources */,
				518043B12B63985600552B6A /* StatBar.swift in Sources */,
				518043B92B639BBA00552B6A /* DetailTextCompents.swift in Sources */,
				511EF5262B57830000554F78 /* AppDelegate.swift in Sources */,
				51617A862B74972A007801D5 /* UIViewControllerExtension.swift in Sources */,
				51617A972B74C7B3007801D5 /* PokedexStoryboardController.swift in Sources */,
				51617A9D2B74D6A0007801D5 /* TabBarStoryboardController.swift in Sources */,
				51040E1F2B66C356009BD5AA /* PokemonTypeOverlay.swift in Sources */,
				51B5EF6A2B6CC30100928ED6 /* LoginViewModel.swift in Sources */,
				512345F02B5F8E9000E84B66 /* WebViewController.swift in Sources */,
				51617AA22B753836007801D5 /* RegisterStoryboardController.swift in Sources */,
				519FCA5E2B5A78FE002BC2B5 /* TabBarController.swift in Sources */,
				51A673FF2B62B56000745C01 /* StatCell.swift in Sources */,
				51A34ADE2B5E816700D5CF19 /* ProfileViewController.swift in Sources */,
				512AC9612B6E3E4E00F30FEE /* ProfileViewModel.swift in Sources */,
				511EF5282B57830000554F78 /* SceneDelegate.swift in Sources */,
				51617AA42B753DD5007801D5 /* ForgotStoryboardController.swift in Sources */,
				519FCA142B5A3606002BC2B5 /* ForgotViewController.swift in Sources */,
				513D90082B6ECC3A00ED9B63 /* MyPokemonManager.swift in Sources */,
				518043BB2B63B45900552B6A /* MapComponent.swift in Sources */,
				5103BB1E2B6FE9AF002EE892 /* SearchViewModel.swift in Sources */,
				512345F72B5FC99900E84B66 /* PokemonCell.swift in Sources */,
				51CB3E432B64EE2E001877C4 /* MyPokemonViewModel.swift in Sources */,
				51339CF52B626D2800DA49EC /* DetailViewController.swift in Sources */,
			);
			runOnlyForDeploymentPostprocessing = 0;
		};
/* End PBXSourcesBuildPhase section */

/* Begin PBXVariantGroup section */
		511EF5302B57830100554F78 /* LaunchScreen.storyboard */ = {
			isa = PBXVariantGroup;
			children = (
				511EF5312B57830100554F78 /* Base */,
				515D222C2B6A4BA500561C3C /* th */,
			);
			name = LaunchScreen.storyboard;
			sourceTree = "<group>";
		};
		515D222B2B6A4B8200561C3C /* Localizable.strings */ = {
			isa = PBXVariantGroup;
			children = (
				515D222A2B6A4B8200561C3C /* en */,
				515D222D2B6A4BA500561C3C /* th */,
			);
			name = Localizable.strings;
			sourceTree = "<group>";
		};
/* End PBXVariantGroup section */

/* Begin XCBuildConfiguration section */
		511EF5342B57830100554F78 /* Debug */ = {
			isa = XCBuildConfiguration;
			buildSettings = {
				ALWAYS_SEARCH_USER_PATHS = NO;
				ASSETCATALOG_COMPILER_GENERATE_SWIFT_ASSET_SYMBOL_EXTENSIONS = YES;
				CLANG_ANALYZER_LOCALIZABILITY_NONLOCALIZED = YES;
				CLANG_ANALYZER_NONNULL = YES;
				CLANG_ANALYZER_NUMBER_OBJECT_CONVERSION = YES_AGGRESSIVE;
				CLANG_CXX_LANGUAGE_STANDARD = "gnu++20";
				CLANG_ENABLE_MODULES = YES;
				CLANG_ENABLE_OBJC_ARC = YES;
				CLANG_ENABLE_OBJC_WEAK = YES;
				CLANG_WARN_BLOCK_CAPTURE_AUTORELEASING = YES;
				CLANG_WARN_BOOL_CONVERSION = YES;
				CLANG_WARN_COMMA = YES;
				CLANG_WARN_CONSTANT_CONVERSION = YES;
				CLANG_WARN_DEPRECATED_OBJC_IMPLEMENTATIONS = YES;
				CLANG_WARN_DIRECT_OBJC_ISA_USAGE = YES_ERROR;
				CLANG_WARN_DOCUMENTATION_COMMENTS = YES;
				CLANG_WARN_EMPTY_BODY = YES;
				CLANG_WARN_ENUM_CONVERSION = YES;
				CLANG_WARN_INFINITE_RECURSION = YES;
				CLANG_WARN_INT_CONVERSION = YES;
				CLANG_WARN_NON_LITERAL_NULL_CONVERSION = YES;
				CLANG_WARN_OBJC_IMPLICIT_RETAIN_SELF = YES;
				CLANG_WARN_OBJC_LITERAL_CONVERSION = YES;
				CLANG_WARN_OBJC_ROOT_CLASS = YES_ERROR;
				CLANG_WARN_QUOTED_INCLUDE_IN_FRAMEWORK_HEADER = YES;
				CLANG_WARN_RANGE_LOOP_ANALYSIS = YES;
				CLANG_WARN_STRICT_PROTOTYPES = YES;
				CLANG_WARN_SUSPICIOUS_MOVE = YES;
				CLANG_WARN_UNGUARDED_AVAILABILITY = YES_AGGRESSIVE;
				CLANG_WARN_UNREACHABLE_CODE = YES;
				CLANG_WARN__DUPLICATE_METHOD_MATCH = YES;
				COPY_PHASE_STRIP = NO;
				DEBUG_INFORMATION_FORMAT = dwarf;
				ENABLE_STRICT_OBJC_MSGSEND = YES;
				ENABLE_TESTABILITY = YES;
				ENABLE_USER_SCRIPT_SANDBOXING = YES;
				GCC_C_LANGUAGE_STANDARD = gnu17;
				GCC_DYNAMIC_NO_PIC = NO;
				GCC_NO_COMMON_BLOCKS = YES;
				GCC_OPTIMIZATION_LEVEL = 0;
				GCC_PREPROCESSOR_DEFINITIONS = (
					"DEBUG=1",
					"$(inherited)",
				);
				GCC_WARN_64_TO_32_BIT_CONVERSION = YES;
				GCC_WARN_ABOUT_RETURN_TYPE = YES_ERROR;
				GCC_WARN_UNDECLARED_SELECTOR = YES;
				GCC_WARN_UNINITIALIZED_AUTOS = YES_AGGRESSIVE;
				GCC_WARN_UNUSED_FUNCTION = YES;
				GCC_WARN_UNUSED_VARIABLE = YES;
				IPHONEOS_DEPLOYMENT_TARGET = 17.2;
				LOCALIZATION_PREFERS_STRING_CATALOGS = YES;
				MTL_ENABLE_DEBUG_INFO = INCLUDE_SOURCE;
				MTL_FAST_MATH = YES;
				ONLY_ACTIVE_ARCH = YES;
				SDKROOT = iphoneos;
				SWIFT_ACTIVE_COMPILATION_CONDITIONS = "DEBUG $(inherited)";
				SWIFT_OPTIMIZATION_LEVEL = "-Onone";
			};
			name = Debug;
		};
		511EF5352B57830100554F78 /* Release */ = {
			isa = XCBuildConfiguration;
			buildSettings = {
				ALWAYS_SEARCH_USER_PATHS = NO;
				ASSETCATALOG_COMPILER_GENERATE_SWIFT_ASSET_SYMBOL_EXTENSIONS = YES;
				CLANG_ANALYZER_LOCALIZABILITY_NONLOCALIZED = YES;
				CLANG_ANALYZER_NONNULL = YES;
				CLANG_ANALYZER_NUMBER_OBJECT_CONVERSION = YES_AGGRESSIVE;
				CLANG_CXX_LANGUAGE_STANDARD = "gnu++20";
				CLANG_ENABLE_MODULES = YES;
				CLANG_ENABLE_OBJC_ARC = YES;
				CLANG_ENABLE_OBJC_WEAK = YES;
				CLANG_WARN_BLOCK_CAPTURE_AUTORELEASING = YES;
				CLANG_WARN_BOOL_CONVERSION = YES;
				CLANG_WARN_COMMA = YES;
				CLANG_WARN_CONSTANT_CONVERSION = YES;
				CLANG_WARN_DEPRECATED_OBJC_IMPLEMENTATIONS = YES;
				CLANG_WARN_DIRECT_OBJC_ISA_USAGE = YES_ERROR;
				CLANG_WARN_DOCUMENTATION_COMMENTS = YES;
				CLANG_WARN_EMPTY_BODY = YES;
				CLANG_WARN_ENUM_CONVERSION = YES;
				CLANG_WARN_INFINITE_RECURSION = YES;
				CLANG_WARN_INT_CONVERSION = YES;
				CLANG_WARN_NON_LITERAL_NULL_CONVERSION = YES;
				CLANG_WARN_OBJC_IMPLICIT_RETAIN_SELF = YES;
				CLANG_WARN_OBJC_LITERAL_CONVERSION = YES;
				CLANG_WARN_OBJC_ROOT_CLASS = YES_ERROR;
				CLANG_WARN_QUOTED_INCLUDE_IN_FRAMEWORK_HEADER = YES;
				CLANG_WARN_RANGE_LOOP_ANALYSIS = YES;
				CLANG_WARN_STRICT_PROTOTYPES = YES;
				CLANG_WARN_SUSPICIOUS_MOVE = YES;
				CLANG_WARN_UNGUARDED_AVAILABILITY = YES_AGGRESSIVE;
				CLANG_WARN_UNREACHABLE_CODE = YES;
				CLANG_WARN__DUPLICATE_METHOD_MATCH = YES;
				COPY_PHASE_STRIP = NO;
				DEBUG_INFORMATION_FORMAT = "dwarf-with-dsym";
				ENABLE_NS_ASSERTIONS = NO;
				ENABLE_STRICT_OBJC_MSGSEND = YES;
				ENABLE_USER_SCRIPT_SANDBOXING = YES;
				GCC_C_LANGUAGE_STANDARD = gnu17;
				GCC_NO_COMMON_BLOCKS = YES;
				GCC_WARN_64_TO_32_BIT_CONVERSION = YES;
				GCC_WARN_ABOUT_RETURN_TYPE = YES_ERROR;
				GCC_WARN_UNDECLARED_SELECTOR = YES;
				GCC_WARN_UNINITIALIZED_AUTOS = YES_AGGRESSIVE;
				GCC_WARN_UNUSED_FUNCTION = YES;
				GCC_WARN_UNUSED_VARIABLE = YES;
				IPHONEOS_DEPLOYMENT_TARGET = 17.2;
				LOCALIZATION_PREFERS_STRING_CATALOGS = YES;
				MTL_ENABLE_DEBUG_INFO = NO;
				MTL_FAST_MATH = YES;
				SDKROOT = iphoneos;
				SWIFT_COMPILATION_MODE = wholemodule;
				VALIDATE_PRODUCT = YES;
			};
			name = Release;
		};
		511EF5372B57830100554F78 /* Debug */ = {
			isa = XCBuildConfiguration;
			buildSettings = {
				ASSETCATALOG_COMPILER_APPICON_NAME = AppIcon;
				ASSETCATALOG_COMPILER_GLOBAL_ACCENT_COLOR_NAME = AccentColor;
				CODE_SIGN_STYLE = Automatic;
				CURRENT_PROJECT_VERSION = 1;
				DEVELOPMENT_TEAM = R65DGBTB2J;
				GENERATE_INFOPLIST_FILE = YES;
				INFOPLIST_FILE = "Pokedex-Nextzy-UIKit/Info.plist";
				INFOPLIST_KEY_UIApplicationSupportsIndirectInputEvents = YES;
				INFOPLIST_KEY_UILaunchStoryboardName = LaunchScreen;
				INFOPLIST_KEY_UIMainStoryboardFile = Main;
				INFOPLIST_KEY_UISupportedInterfaceOrientations = UIInterfaceOrientationPortrait;
				LD_RUNPATH_SEARCH_PATHS = (
					"$(inherited)",
					"@executable_path/Frameworks",
				);
				MARKETING_VERSION = 1.0;
				PRODUCT_BUNDLE_IDENTIFIER = "th.ac.bu.Pokedex-Nextzy-UIKit";
				PRODUCT_NAME = "$(TARGET_NAME)";
				SWIFT_EMIT_LOC_STRINGS = YES;
				SWIFT_VERSION = 5.0;
				TARGETED_DEVICE_FAMILY = "1,2";
			};
			name = Debug;
		};
		511EF5382B57830100554F78 /* Release */ = {
			isa = XCBuildConfiguration;
			buildSettings = {
				ASSETCATALOG_COMPILER_APPICON_NAME = AppIcon;
				ASSETCATALOG_COMPILER_GLOBAL_ACCENT_COLOR_NAME = AccentColor;
				CODE_SIGN_STYLE = Automatic;
				CURRENT_PROJECT_VERSION = 1;
				DEVELOPMENT_TEAM = R65DGBTB2J;
				GENERATE_INFOPLIST_FILE = YES;
				INFOPLIST_FILE = "Pokedex-Nextzy-UIKit/Info.plist";
				INFOPLIST_KEY_UIApplicationSupportsIndirectInputEvents = YES;
				INFOPLIST_KEY_UILaunchStoryboardName = LaunchScreen;
				INFOPLIST_KEY_UIMainStoryboardFile = Main;
				INFOPLIST_KEY_UISupportedInterfaceOrientations = UIInterfaceOrientationPortrait;
				LD_RUNPATH_SEARCH_PATHS = (
					"$(inherited)",
					"@executable_path/Frameworks",
				);
				MARKETING_VERSION = 1.0;
				PRODUCT_BUNDLE_IDENTIFIER = "th.ac.bu.Pokedex-Nextzy-UIKit";
				PRODUCT_NAME = "$(TARGET_NAME)";
				SWIFT_EMIT_LOC_STRINGS = YES;
				SWIFT_VERSION = 5.0;
				TARGETED_DEVICE_FAMILY = "1,2";
			};
			name = Release;
		};
/* End XCBuildConfiguration section */

/* Begin XCConfigurationList section */
		511EF51D2B57830000554F78 /* Build configuration list for PBXProject "Pokedex-Nextzy-UIKit" */ = {
			isa = XCConfigurationList;
			buildConfigurations = (
				511EF5342B57830100554F78 /* Debug */,
				511EF5352B57830100554F78 /* Release */,
			);
			defaultConfigurationIsVisible = 0;
			defaultConfigurationName = Release;
		};
		511EF5362B57830100554F78 /* Build configuration list for PBXNativeTarget "Pokedex-Nextzy-UIKit" */ = {
			isa = XCConfigurationList;
			buildConfigurations = (
				511EF5372B57830100554F78 /* Debug */,
				511EF5382B57830100554F78 /* Release */,
			);
			defaultConfigurationIsVisible = 0;
			defaultConfigurationName = Release;
		};
/* End XCConfigurationList section */

/* Begin XCRemoteSwiftPackageReference section */
		512345F12B5FAD6A00E84B66 /* XCRemoteSwiftPackageReference "Kingfisher" */ = {
			isa = XCRemoteSwiftPackageReference;
			repositoryURL = "https://github.com/onevcat/Kingfisher.git";
			requirement = {
				kind = upToNextMajorVersion;
				minimumVersion = 7.10.2;
			};
		};
		51339CE02B602F2800DA49EC /* XCRemoteSwiftPackageReference "Alamofire" */ = {
			isa = XCRemoteSwiftPackageReference;
			repositoryURL = "https://github.com/Alamofire/Alamofire";
			requirement = {
				kind = upToNextMajorVersion;
				minimumVersion = 5.8.1;
			};
		};
		516C9A372B679E4F00DCE4F9 /* XCRemoteSwiftPackageReference "GoogleSignIn-iOS" */ = {
			isa = XCRemoteSwiftPackageReference;
			repositoryURL = "https://github.com/google/GoogleSignIn-iOS";
			requirement = {
				kind = upToNextMajorVersion;
				minimumVersion = 7.0.0;
			};
		};
		519FCA222B5A6F1F002BC2B5 /* XCRemoteSwiftPackageReference "firebase-ios-sdk" */ = {
			isa = XCRemoteSwiftPackageReference;
			repositoryURL = "https://github.com/firebase/firebase-ios-sdk.git";
			requirement = {
				kind = upToNextMajorVersion;
				minimumVersion = 10.20.0;
			};
		};
/* End XCRemoteSwiftPackageReference section */

/* Begin XCSwiftPackageProductDependency section */
		512345F22B5FAD6A00E84B66 /* Kingfisher */ = {
			isa = XCSwiftPackageProductDependency;
			package = 512345F12B5FAD6A00E84B66 /* XCRemoteSwiftPackageReference "Kingfisher" */;
			productName = Kingfisher;
		};
		51339CE12B602F2800DA49EC /* Alamofire */ = {
			isa = XCSwiftPackageProductDependency;
			package = 51339CE02B602F2800DA49EC /* XCRemoteSwiftPackageReference "Alamofire" */;
			productName = Alamofire;
		};
		516C9A382B679E4F00DCE4F9 /* GoogleSignIn */ = {
			isa = XCSwiftPackageProductDependency;
			package = 516C9A372B679E4F00DCE4F9 /* XCRemoteSwiftPackageReference "GoogleSignIn-iOS" */;
			productName = GoogleSignIn;
		};
		516C9A3A2B679E4F00DCE4F9 /* GoogleSignInSwift */ = {
			isa = XCSwiftPackageProductDependency;
			package = 516C9A372B679E4F00DCE4F9 /* XCRemoteSwiftPackageReference "GoogleSignIn-iOS" */;
			productName = GoogleSignInSwift;
		};
		519FCA232B5A6F1F002BC2B5 /* FirebaseAnalytics */ = {
			isa = XCSwiftPackageProductDependency;
			package = 519FCA222B5A6F1F002BC2B5 /* XCRemoteSwiftPackageReference "firebase-ios-sdk" */;
			productName = FirebaseAnalytics;
		};
		519FCA252B5A6F1F002BC2B5 /* FirebaseAnalyticsOnDeviceConversion */ = {
			isa = XCSwiftPackageProductDependency;
			package = 519FCA222B5A6F1F002BC2B5 /* XCRemoteSwiftPackageReference "firebase-ios-sdk" */;
			productName = FirebaseAnalyticsOnDeviceConversion;
		};
		519FCA272B5A6F1F002BC2B5 /* FirebaseAnalyticsSwift */ = {
			isa = XCSwiftPackageProductDependency;
			package = 519FCA222B5A6F1F002BC2B5 /* XCRemoteSwiftPackageReference "firebase-ios-sdk" */;
			productName = FirebaseAnalyticsSwift;
		};
		519FCA292B5A6F1F002BC2B5 /* FirebaseAnalyticsWithoutAdIdSupport */ = {
			isa = XCSwiftPackageProductDependency;
			package = 519FCA222B5A6F1F002BC2B5 /* XCRemoteSwiftPackageReference "firebase-ios-sdk" */;
			productName = FirebaseAnalyticsWithoutAdIdSupport;
		};
		519FCA2B2B5A6F1F002BC2B5 /* FirebaseAppCheck */ = {
			isa = XCSwiftPackageProductDependency;
			package = 519FCA222B5A6F1F002BC2B5 /* XCRemoteSwiftPackageReference "firebase-ios-sdk" */;
			productName = FirebaseAppCheck;
		};
		519FCA2D2B5A6F1F002BC2B5 /* FirebaseAppDistribution-Beta */ = {
			isa = XCSwiftPackageProductDependency;
			package = 519FCA222B5A6F1F002BC2B5 /* XCRemoteSwiftPackageReference "firebase-ios-sdk" */;
			productName = "FirebaseAppDistribution-Beta";
		};
		519FCA2F2B5A6F1F002BC2B5 /* FirebaseAuth */ = {
			isa = XCSwiftPackageProductDependency;
			package = 519FCA222B5A6F1F002BC2B5 /* XCRemoteSwiftPackageReference "firebase-ios-sdk" */;
			productName = FirebaseAuth;
		};
		519FCA312B5A6F1F002BC2B5 /* FirebaseAuthCombine-Community */ = {
			isa = XCSwiftPackageProductDependency;
			package = 519FCA222B5A6F1F002BC2B5 /* XCRemoteSwiftPackageReference "firebase-ios-sdk" */;
			productName = "FirebaseAuthCombine-Community";
		};
		519FCA332B5A6F1F002BC2B5 /* FirebaseCrashlytics */ = {
			isa = XCSwiftPackageProductDependency;
			package = 519FCA222B5A6F1F002BC2B5 /* XCRemoteSwiftPackageReference "firebase-ios-sdk" */;
			productName = FirebaseCrashlytics;
		};
		519FCA352B5A6F1F002BC2B5 /* FirebaseDatabase */ = {
			isa = XCSwiftPackageProductDependency;
			package = 519FCA222B5A6F1F002BC2B5 /* XCRemoteSwiftPackageReference "firebase-ios-sdk" */;
			productName = FirebaseDatabase;
		};
		519FCA372B5A6F1F002BC2B5 /* FirebaseDatabaseSwift */ = {
			isa = XCSwiftPackageProductDependency;
			package = 519FCA222B5A6F1F002BC2B5 /* XCRemoteSwiftPackageReference "firebase-ios-sdk" */;
			productName = FirebaseDatabaseSwift;
		};
		519FCA392B5A6F1F002BC2B5 /* FirebaseDynamicLinks */ = {
			isa = XCSwiftPackageProductDependency;
			package = 519FCA222B5A6F1F002BC2B5 /* XCRemoteSwiftPackageReference "firebase-ios-sdk" */;
			productName = FirebaseDynamicLinks;
		};
		519FCA3B2B5A6F1F002BC2B5 /* FirebaseFirestore */ = {
			isa = XCSwiftPackageProductDependency;
			package = 519FCA222B5A6F1F002BC2B5 /* XCRemoteSwiftPackageReference "firebase-ios-sdk" */;
			productName = FirebaseFirestore;
		};
		519FCA3D2B5A6F1F002BC2B5 /* FirebaseFirestoreCombine-Community */ = {
			isa = XCSwiftPackageProductDependency;
			package = 519FCA222B5A6F1F002BC2B5 /* XCRemoteSwiftPackageReference "firebase-ios-sdk" */;
			productName = "FirebaseFirestoreCombine-Community";
		};
		519FCA3F2B5A6F1F002BC2B5 /* FirebaseFirestoreSwift */ = {
			isa = XCSwiftPackageProductDependency;
			package = 519FCA222B5A6F1F002BC2B5 /* XCRemoteSwiftPackageReference "firebase-ios-sdk" */;
			productName = FirebaseFirestoreSwift;
		};
		519FCA412B5A6F1F002BC2B5 /* FirebaseFunctions */ = {
			isa = XCSwiftPackageProductDependency;
			package = 519FCA222B5A6F1F002BC2B5 /* XCRemoteSwiftPackageReference "firebase-ios-sdk" */;
			productName = FirebaseFunctions;
		};
		519FCA432B5A6F1F002BC2B5 /* FirebaseFunctionsCombine-Community */ = {
			isa = XCSwiftPackageProductDependency;
			package = 519FCA222B5A6F1F002BC2B5 /* XCRemoteSwiftPackageReference "firebase-ios-sdk" */;
			productName = "FirebaseFunctionsCombine-Community";
		};
		519FCA452B5A6F1F002BC2B5 /* FirebaseInAppMessaging-Beta */ = {
			isa = XCSwiftPackageProductDependency;
			package = 519FCA222B5A6F1F002BC2B5 /* XCRemoteSwiftPackageReference "firebase-ios-sdk" */;
			productName = "FirebaseInAppMessaging-Beta";
		};
		519FCA472B5A6F1F002BC2B5 /* FirebaseInAppMessagingSwift-Beta */ = {
			isa = XCSwiftPackageProductDependency;
			package = 519FCA222B5A6F1F002BC2B5 /* XCRemoteSwiftPackageReference "firebase-ios-sdk" */;
			productName = "FirebaseInAppMessagingSwift-Beta";
		};
		519FCA492B5A6F1F002BC2B5 /* FirebaseInstallations */ = {
			isa = XCSwiftPackageProductDependency;
			package = 519FCA222B5A6F1F002BC2B5 /* XCRemoteSwiftPackageReference "firebase-ios-sdk" */;
			productName = FirebaseInstallations;
		};
		519FCA4B2B5A6F1F002BC2B5 /* FirebaseMLModelDownloader */ = {
			isa = XCSwiftPackageProductDependency;
			package = 519FCA222B5A6F1F002BC2B5 /* XCRemoteSwiftPackageReference "firebase-ios-sdk" */;
			productName = FirebaseMLModelDownloader;
		};
		519FCA4D2B5A6F1F002BC2B5 /* FirebaseMessaging */ = {
			isa = XCSwiftPackageProductDependency;
			package = 519FCA222B5A6F1F002BC2B5 /* XCRemoteSwiftPackageReference "firebase-ios-sdk" */;
			productName = FirebaseMessaging;
		};
		519FCA4F2B5A6F1F002BC2B5 /* FirebasePerformance */ = {
			isa = XCSwiftPackageProductDependency;
			package = 519FCA222B5A6F1F002BC2B5 /* XCRemoteSwiftPackageReference "firebase-ios-sdk" */;
			productName = FirebasePerformance;
		};
		519FCA512B5A6F1F002BC2B5 /* FirebaseRemoteConfig */ = {
			isa = XCSwiftPackageProductDependency;
			package = 519FCA222B5A6F1F002BC2B5 /* XCRemoteSwiftPackageReference "firebase-ios-sdk" */;
			productName = FirebaseRemoteConfig;
		};
		519FCA532B5A6F1F002BC2B5 /* FirebaseRemoteConfigSwift */ = {
			isa = XCSwiftPackageProductDependency;
			package = 519FCA222B5A6F1F002BC2B5 /* XCRemoteSwiftPackageReference "firebase-ios-sdk" */;
			productName = FirebaseRemoteConfigSwift;
		};
		519FCA552B5A6F1F002BC2B5 /* FirebaseStorage */ = {
			isa = XCSwiftPackageProductDependency;
			package = 519FCA222B5A6F1F002BC2B5 /* XCRemoteSwiftPackageReference "firebase-ios-sdk" */;
			productName = FirebaseStorage;
		};
		519FCA572B5A6F1F002BC2B5 /* FirebaseStorageCombine-Community */ = {
			isa = XCSwiftPackageProductDependency;
			package = 519FCA222B5A6F1F002BC2B5 /* XCRemoteSwiftPackageReference "firebase-ios-sdk" */;
			productName = "FirebaseStorageCombine-Community";
		};
/* End XCSwiftPackageProductDependency section */
	};
	rootObject = 511EF51A2B57830000554F78 /* Project object */;
}
